
Microsoft Visual Studio Solution File, Format Version 12.00
# Visual Studio 15
VisualStudioVersion = 15.0.28010.2019
MinimumVisualStudioVersion = 10.0.40219.1
Project("{FAE04EC0-301F-11D3-BF4B-00C04F79EFBC}") = "lab11", "lab11\lab11.csproj", "{3E783B86-ADA4-4A9F-8C9B-E7EDBDE59AC5}"
EndProject
Global
	GlobalSection(SolutionConfigurationPlatforms) = preSolution
		Debug|Any CPU = Debug|Any CPU
		Release|Any CPU = Release|Any CPU
	EndGlobalSection
	GlobalSection(ProjectConfigurationPlatforms) = postSolution
		{3E783B86-ADA4-4A9F-8C9B-E7EDBDE59AC5}.Debug|Any CPU.ActiveCfg = Debug|Any CPU
		{3E783B86-ADA4-4A9F-8C9B-E7EDBDE59AC5}.Debug|Any CPU.Build.0 = Debug|Any CPU
		{3E783B86-ADA4-4A9F-8C9B-E7EDBDE59AC5}.Release|Any CPU.ActiveCfg = Release|Any CPU
		{3E783B86-ADA4-4A9F-8C9B-E7EDBDE59AC5}.Release|Any CPU.Build.0 = Release|Any CPU
	EndGlobalSection
	GlobalSection(SolutionProperties) = preSolution
		HideSolutionNode = FALSE
	EndGlobalSection
	GlobalSection(ExtensibilityGlobals) = postSolution
		SolutionGuid = {0BCF36DE-343A-477D-8A3E-048F8CC90B85}
	EndGlobalSection
EndGlobal
